// !$*UTF8*$!
{
	archiveVersion = 1;
	classes = {
	};
	objectVersion = 45;
	objects = {

/* Begin PBXBuildFile section */
		0318D82E10DD7F6B00A48B96 /* NSString+Search.m in Sources */ = {isa = PBXBuildFile; fileRef = 0318D82D10DD7F6B00A48B96 /* NSString+Search.m */; };
		0318D87310DDB39500A48B96 /* BSD License.txt in Resources */ = {isa = PBXBuildFile; fileRef = 0318D87210DDB39500A48B96 /* BSD License.txt */; };
		03D7209410DD6BC100B58980 /* MainWindowController.m in Sources */ = {isa = PBXBuildFile; fileRef = 03D7209310DD6BC100B58980 /* MainWindowController.m */; };
		03D720BB10DD6DDC00B58980 /* AMSerialPort.m in Sources */ = {isa = PBXBuildFile; fileRef = 03D720B010DD6DDC00B58980 /* AMSerialPort.m */; };
		03D720BC10DD6DDC00B58980 /* AMSerialPort_Deprecated.m in Sources */ = {isa = PBXBuildFile; fileRef = 03D720B210DD6DDC00B58980 /* AMSerialPort_Deprecated.m */; };
		03D720BD10DD6DDC00B58980 /* AMSerialPortAdditions.m in Sources */ = {isa = PBXBuildFile; fileRef = 03D720B410DD6DDC00B58980 /* AMSerialPortAdditions.m */; };
		03D720BE10DD6DDC00B58980 /* AMSerialPortList.m in Sources */ = {isa = PBXBuildFile; fileRef = 03D720B610DD6DDC00B58980 /* AMSerialPortList.m */; };
		03D720BF10DD6DDC00B58980 /* AMSerialPortList_Deprecated.m in Sources */ = {isa = PBXBuildFile; fileRef = 03D720B810DD6DDC00B58980 /* AMSerialPortList_Deprecated.m */; };
		03D720C010DD6DDC00B58980 /* AMStandardEnumerator.m in Sources */ = {isa = PBXBuildFile; fileRef = 03D720BA10DD6DDC00B58980 /* AMStandardEnumerator.m */; };
		03D720D910DD6E2A00B58980 /* IOKit.framework in Frameworks */ = {isa = PBXBuildFile; fileRef = 03D720D810DD6E2A00B58980 /* IOKit.framework */; };
		1DDD58160DA1D0A300B32029 /* MainMenu.xib in Resources */ = {isa = PBXBuildFile; fileRef = 1DDD58140DA1D0A300B32029 /* MainMenu.xib */; };
		256AC3DA0F4B6AC300CF3369 /* KingPINAppDelegate.m in Sources */ = {isa = PBXBuildFile; fileRef = 256AC3D90F4B6AC300CF3369 /* KingPINAppDelegate.m */; };
		8D11072B0486CEB800E47090 /* InfoPlist.strings in Resources */ = {isa = PBXBuildFile; fileRef = 089C165CFE840E0CC02AAC07 /* InfoPlist.strings */; };
		8D11072D0486CEB800E47090 /* main.m in Sources */ = {isa = PBXBuildFile; fileRef = 29B97316FDCFA39411CA2CEA /* main.m */; settings = {ATTRIBUTES = (); }; };
		8D11072F0486CEB800E47090 /* Cocoa.framework in Frameworks */ = {isa = PBXBuildFile; fileRef = 1058C7A1FEA54F0111CA2CBB /* Cocoa.framework */; };
/* End PBXBuildFile section */

/* Begin PBXFileReference section */
		0318D82C10DD7F6B00A48B96 /* NSString+Search.h */ = {isa = PBXFileReference; fileEncoding = 4; lastKnownFileType = sourcecode.c.h; path = "NSString+Search.h"; sourceTree = "<group>"; };
		0318D82D10DD7F6B00A48B96 /* NSString+Search.m */ = {isa = PBXFileReference; fileEncoding = 4; lastKnownFileType = sourcecode.c.objc; path = "NSString+Search.m"; sourceTree = "<group>"; };
		0318D87210DDB39500A48B96 /* BSD License.txt */ = {isa = PBXFileReference; fileEncoding = 4; lastKnownFileType = text; path = "BSD License.txt"; sourceTree = "<group>"; };
		03D7209210DD6BC100B58980 /* MainWindowController.h */ = {isa = PBXFileReference; fileEncoding = 4; lastKnownFileType = sourcecode.c.h; path = MainWindowController.h; sourceTree = "<group>"; };
		03D7209310DD6BC100B58980 /* MainWindowController.m */ = {isa = PBXFileReference; fileEncoding = 4; lastKnownFileType = sourcecode.c.objc; path = MainWindowController.m; sourceTree = "<group>"; };
		03D720AD10DD6DDC00B58980 /* AMSDKCompatibility.h */ = {isa = PBXFileReference; fileEncoding = 4; lastKnownFileType = sourcecode.c.h; path = AMSDKCompatibility.h; sourceTree = "<group>"; };
		03D720AE10DD6DDC00B58980 /* AMSerialErrors.h */ = {isa = PBXFileReference; fileEncoding = 4; lastKnownFileType = sourcecode.c.h; path = AMSerialErrors.h; sourceTree = "<group>"; };
		03D720AF10DD6DDC00B58980 /* AMSerialPort.h */ = {isa = PBXFileReference; fileEncoding = 4; lastKnownFileType = sourcecode.c.h; path = AMSerialPort.h; sourceTree = "<group>"; };
		03D720B010DD6DDC00B58980 /* AMSerialPort.m */ = {isa = PBXFileReference; fileEncoding = 4; lastKnownFileType = sourcecode.c.objc; path = AMSerialPort.m; sourceTree = "<group>"; };
		03D720B110DD6DDC00B58980 /* AMSerialPort_Deprecated.h */ = {isa = PBXFileReference; fileEncoding = 4; lastKnownFileType = sourcecode.c.h; path = AMSerialPort_Deprecated.h; sourceTree = "<group>"; };
		03D720B210DD6DDC00B58980 /* AMSerialPort_Deprecated.m */ = {isa = PBXFileReference; fileEncoding = 4; lastKnownFileType = sourcecode.c.objc; path = AMSerialPort_Deprecated.m; sourceTree = "<group>"; };
		03D720B310DD6DDC00B58980 /* AMSerialPortAdditions.h */ = {isa = PBXFileReference; fileEncoding = 4; lastKnownFileType = sourcecode.c.h; path = AMSerialPortAdditions.h; sourceTree = "<group>"; };
		03D720B410DD6DDC00B58980 /* AMSerialPortAdditions.m */ = {isa = PBXFileReference; fileEncoding = 4; lastKnownFileType = sourcecode.c.objc; path = AMSerialPortAdditions.m; sourceTree = "<group>"; };
		03D720B510DD6DDC00B58980 /* AMSerialPortList.h */ = {isa = PBXFileReference; fileEncoding = 4; lastKnownFileType = sourcecode.c.h; path = AMSerialPortList.h; sourceTree = "<group>"; };
		03D720B610DD6DDC00B58980 /* AMSerialPortList.m */ = {isa = PBXFileReference; fileEncoding = 4; lastKnownFileType = sourcecode.c.objc; path = AMSerialPortList.m; sourceTree = "<group>"; };
		03D720B710DD6DDC00B58980 /* AMSerialPortList_Deprecated.h */ = {isa = PBXFileReference; fileEncoding = 4; lastKnownFileType = sourcecode.c.h; path = AMSerialPortList_Deprecated.h; sourceTree = "<group>"; };
		03D720B810DD6DDC00B58980 /* AMSerialPortList_Deprecated.m */ = {isa = PBXFileReference; fileEncoding = 4; lastKnownFileType = sourcecode.c.objc; path = AMSerialPortList_Deprecated.m; sourceTree = "<group>"; };
		03D720B910DD6DDC00B58980 /* AMStandardEnumerator.h */ = {isa = PBXFileReference; fileEncoding = 4; lastKnownFileType = sourcecode.c.h; path = AMStandardEnumerator.h; sourceTree = "<group>"; };
		03D720BA10DD6DDC00B58980 /* AMStandardEnumerator.m */ = {isa = PBXFileReference; fileEncoding = 4; lastKnownFileType = sourcecode.c.objc; path = AMStandardEnumerator.m; sourceTree = "<group>"; };
		03D720D810DD6E2A00B58980 /* IOKit.framework */ = {isa = PBXFileReference; lastKnownFileType = wrapper.framework; name = IOKit.framework; path = System/Library/Frameworks/IOKit.framework; sourceTree = SDKROOT; };
		089C165DFE840E0CC02AAC07 /* English */ = {isa = PBXFileReference; fileEncoding = 4; lastKnownFileType = text.plist.strings; name = English; path = English.lproj/InfoPlist.strings; sourceTree = "<group>"; };
		1058C7A1FEA54F0111CA2CBB /* Cocoa.framework */ = {isa = PBXFileReference; lastKnownFileType = wrapper.framework; name = Cocoa.framework; path = /System/Library/Frameworks/Cocoa.framework; sourceTree = "<absolute>"; };
		13E42FB307B3F0F600E4EEF1 /* CoreData.framework */ = {isa = PBXFileReference; lastKnownFileType = wrapper.framework; name = CoreData.framework; path = /System/Library/Frameworks/CoreData.framework; sourceTree = "<absolute>"; };
		1DDD58150DA1D0A300B32029 /* English */ = {isa = PBXFileReference; lastKnownFileType = file.xib; name = English; path = English.lproj/MainMenu.xib; sourceTree = "<group>"; };
		256AC3D80F4B6AC300CF3369 /* KingPINAppDelegate.h */ = {isa = PBXFileReference; fileEncoding = 4; lastKnownFileType = sourcecode.c.h; path = KingPINAppDelegate.h; sourceTree = "<group>"; };
		256AC3D90F4B6AC300CF3369 /* KingPINAppDelegate.m */ = {isa = PBXFileReference; fileEncoding = 4; lastKnownFileType = sourcecode.c.objc; path = KingPINAppDelegate.m; sourceTree = "<group>"; };
		256AC3F00F4B6AF500CF3369 /* KingPIN_Prefix.pch */ = {isa = PBXFileReference; fileEncoding = 4; lastKnownFileType = sourcecode.c.h; path = KingPIN_Prefix.pch; sourceTree = "<group>"; };
		29B97316FDCFA39411CA2CEA /* main.m */ = {isa = PBXFileReference; fileEncoding = 4; lastKnownFileType = sourcecode.c.objc; path = main.m; sourceTree = "<group>"; };
		29B97324FDCFA39411CA2CEA /* AppKit.framework */ = {isa = PBXFileReference; lastKnownFileType = wrapper.framework; name = AppKit.framework; path = /System/Library/Frameworks/AppKit.framework; sourceTree = "<absolute>"; };
		29B97325FDCFA39411CA2CEA /* Foundation.framework */ = {isa = PBXFileReference; lastKnownFileType = wrapper.framework; name = Foundation.framework; path = /System/Library/Frameworks/Foundation.framework; sourceTree = "<absolute>"; };
		8D1107310486CEB800E47090 /* KingPIN-Info.plist */ = {isa = PBXFileReference; fileEncoding = 4; lastKnownFileType = text.plist.xml; path = "KingPIN-Info.plist"; sourceTree = "<group>"; };
		8D1107320486CEB800E47090 /* KingPIN.app */ = {isa = PBXFileReference; explicitFileType = wrapper.application; includeInIndex = 0; path = KingPIN.app; sourceTree = BUILT_PRODUCTS_DIR; };
/* End PBXFileReference section */

/* Begin PBXFrameworksBuildPhase section */
		8D11072E0486CEB800E47090 /* Frameworks */ = {
			isa = PBXFrameworksBuildPhase;
			buildActionMask = 2147483647;
			files = (
				8D11072F0486CEB800E47090 /* Cocoa.framework in Frameworks */,
				03D720D910DD6E2A00B58980 /* IOKit.framework in Frameworks */,
			);
			runOnlyForDeploymentPostprocessing = 0;
		};
/* End PBXFrameworksBuildPhase section */

/* Begin PBXGroup section */
		03D7207F10DD6B8800B58980 /* Main Window */ = {
			isa = PBXGroup;
			children = (
				03D7209210DD6BC100B58980 /* MainWindowController.h */,
				03D7209310DD6BC100B58980 /* MainWindowController.m */,
			);
			name = "Main Window";
			sourceTree = "<group>";
		};
		03D720AC10DD6DDC00B58980 /* AM SERIAL */ = {
			isa = PBXGroup;
			children = (
				03D720AD10DD6DDC00B58980 /* AMSDKCompatibility.h */,
				03D720AE10DD6DDC00B58980 /* AMSerialErrors.h */,
				03D720AF10DD6DDC00B58980 /* AMSerialPort.h */,
				03D720B010DD6DDC00B58980 /* AMSerialPort.m */,
				03D720B110DD6DDC00B58980 /* AMSerialPort_Deprecated.h */,
				03D720B210DD6DDC00B58980 /* AMSerialPort_Deprecated.m */,
				03D720B310DD6DDC00B58980 /* AMSerialPortAdditions.h */,
				03D720B410DD6DDC00B58980 /* AMSerialPortAdditions.m */,
				03D720B510DD6DDC00B58980 /* AMSerialPortList.h */,
				03D720B610DD6DDC00B58980 /* AMSerialPortList.m */,
				03D720B710DD6DDC00B58980 /* AMSerialPortList_Deprecated.h */,
				03D720B810DD6DDC00B58980 /* AMSerialPortList_Deprecated.m */,
				03D720B910DD6DDC00B58980 /* AMStandardEnumerator.h */,
				03D720BA10DD6DDC00B58980 /* AMStandardEnumerator.m */,
			);
			path = "AM SERIAL";
			sourceTree = "<group>";
		};
		080E96DDFE201D6D7F000001 /* Classes */ = {
			isa = PBXGroup;
			children = (
				256AC3D80F4B6AC300CF3369 /* KingPINAppDelegate.h */,
				256AC3D90F4B6AC300CF3369 /* KingPINAppDelegate.m */,
			);
			name = Classes;
			sourceTree = "<group>";
		};
		1058C7A0FEA54F0111CA2CBB /* Linked Frameworks */ = {
			isa = PBXGroup;
			children = (
				1058C7A1FEA54F0111CA2CBB /* Cocoa.framework */,
			);
			name = "Linked Frameworks";
			sourceTree = "<group>";
		};
		1058C7A2FEA54F0111CA2CBB /* Other Frameworks */ = {
			isa = PBXGroup;
			children = (
				29B97324FDCFA39411CA2CEA /* AppKit.framework */,
				13E42FB307B3F0F600E4EEF1 /* CoreData.framework */,
				29B97325FDCFA39411CA2CEA /* Foundation.framework */,
				03D720D810DD6E2A00B58980 /* IOKit.framework */,
			);
			name = "Other Frameworks";
			sourceTree = "<group>";
		};
		19C28FACFE9D520D11CA2CBB /* Products */ = {
			isa = PBXGroup;
			children = (
				8D1107320486CEB800E47090 /* KingPIN.app */,
			);
			name = Products;
			sourceTree = "<group>";
		};
		29B97314FDCFA39411CA2CEA /* KingPIN */ = {
			isa = PBXGroup;
			children = (
				03D7207F10DD6B8800B58980 /* Main Window */,
				080E96DDFE201D6D7F000001 /* Classes */,
				29B97315FDCFA39411CA2CEA /* Other Sources */,
				29B97317FDCFA39411CA2CEA /* Resources */,
				29B97323FDCFA39411CA2CEA /* Frameworks */,
				19C28FACFE9D520D11CA2CBB /* Products */,
			);
			name = KingPIN;
			sourceTree = "<group>";
		};
		29B97315FDCFA39411CA2CEA /* Other Sources */ = {
			isa = PBXGroup;
			children = (
				0318D82C10DD7F6B00A48B96 /* NSString+Search.h */,
				0318D82D10DD7F6B00A48B96 /* NSString+Search.m */,
				256AC3F00F4B6AF500CF3369 /* KingPIN_Prefix.pch */,
				29B97316FDCFA39411CA2CEA /* main.m */,
				03D720AC10DD6DDC00B58980 /* AM SERIAL */,
			);
			name = "Other Sources";
			sourceTree = "<group>";
		};
		29B97317FDCFA39411CA2CEA /* Resources */ = {
			isa = PBXGroup;
			children = (
				0318D87210DDB39500A48B96 /* BSD License.txt */,
				8D1107310486CEB800E47090 /* KingPIN-Info.plist */,
				089C165CFE840E0CC02AAC07 /* InfoPlist.strings */,
				1DDD58140DA1D0A300B32029 /* MainMenu.xib */,
			);
			name = Resources;
			sourceTree = "<group>";
		};
		29B97323FDCFA39411CA2CEA /* Frameworks */ = {
			isa = PBXGroup;
			children = (
				1058C7A0FEA54F0111CA2CBB /* Linked Frameworks */,
				1058C7A2FEA54F0111CA2CBB /* Other Frameworks */,
			);
			name = Frameworks;
			sourceTree = "<group>";
		};
/* End PBXGroup section */

/* Begin PBXNativeTarget section */
		8D1107260486CEB800E47090 /* KingPIN */ = {
			isa = PBXNativeTarget;
			buildConfigurationList = C01FCF4A08A954540054247B /* Build configuration list for PBXNativeTarget "KingPIN" */;
			buildPhases = (
				8D1107290486CEB800E47090 /* Resources */,
				8D11072C0486CEB800E47090 /* Sources */,
				8D11072E0486CEB800E47090 /* Frameworks */,
			);
			buildRules = (
			);
			dependencies = (
			);
			name = KingPIN;
			productInstallPath = "$(HOME)/Applications";
			productName = KingPIN;
			productReference = 8D1107320486CEB800E47090 /* KingPIN.app */;
			productType = "com.apple.product-type.application";
		};
/* End PBXNativeTarget section */

/* Begin PBXProject section */
		29B97313FDCFA39411CA2CEA /* Project object */ = {
			isa = PBXProject;
			buildConfigurationList = C01FCF4E08A954540054247B /* Build configuration list for PBXProject "KingPIN" */;
			compatibilityVersion = "Xcode 3.1";
			hasScannedForEncodings = 1;
			mainGroup = 29B97314FDCFA39411CA2CEA /* KingPIN */;
			projectDirPath = "";
			projectRoot = "";
			targets = (
				8D1107260486CEB800E47090 /* KingPIN */,
			);
		};
/* End PBXProject section */

/* Begin PBXResourcesBuildPhase section */
		8D1107290486CEB800E47090 /* Resources */ = {
			isa = PBXResourcesBuildPhase;
			buildActionMask = 2147483647;
			files = (
				8D11072B0486CEB800E47090 /* InfoPlist.strings in Resources */,
				1DDD58160DA1D0A300B32029 /* MainMenu.xib in Resources */,
				0318D87310DDB39500A48B96 /* BSD License.txt in Resources */,
			);
			runOnlyForDeploymentPostprocessing = 0;
		};
/* End PBXResourcesBuildPhase section */

/* Begin PBXSourcesBuildPhase section */
		8D11072C0486CEB800E47090 /* Sources */ = {
			isa = PBXSourcesBuildPhase;
			buildActionMask = 2147483647;
			files = (
				8D11072D0486CEB800E47090 /* main.m in Sources */,
				256AC3DA0F4B6AC300CF3369 /* KingPINAppDelegate.m in Sources */,
				03D7209410DD6BC100B58980 /* MainWindowController.m in Sources */,
				03D720BB10DD6DDC00B58980 /* AMSerialPort.m in Sources */,
				03D720BC10DD6DDC00B58980 /* AMSerialPort_Deprecated.m in Sources */,
				03D720BD10DD6DDC00B58980 /* AMSerialPortAdditions.m in Sources */,
				03D720BE10DD6DDC00B58980 /* AMSerialPortList.m in Sources */,
				03D720BF10DD6DDC00B58980 /* AMSerialPortList_Deprecated.m in Sources */,
				03D720C010DD6DDC00B58980 /* AMStandardEnumerator.m in Sources */,
				0318D82E10DD7F6B00A48B96 /* NSString+Search.m in Sources */,
			);
			runOnlyForDeploymentPostprocessing = 0;
		};
/* End PBXSourcesBuildPhase section */

/* Begin PBXVariantGroup section */
		089C165CFE840E0CC02AAC07 /* InfoPlist.strings */ = {
			isa = PBXVariantGroup;
			children = (
				089C165DFE840E0CC02AAC07 /* English */,
			);
			name = InfoPlist.strings;
			sourceTree = "<group>";
		};
		1DDD58140DA1D0A300B32029 /* MainMenu.xib */ = {
			isa = PBXVariantGroup;
			children = (
				1DDD58150DA1D0A300B32029 /* English */,
			);
			name = MainMenu.xib;
			sourceTree = "<group>";
		};
/* End PBXVariantGroup section */

/* Begin XCBuildConfiguration section */
		C01FCF4B08A954540054247B /* Debug */ = {
			isa = XCBuildConfiguration;
			buildSettings = {
				ALWAYS_SEARCH_USER_PATHS = NO;
				COPY_PHASE_STRIP = NO;
				GCC_DYNAMIC_NO_PIC = NO;
				GCC_ENABLE_FIX_AND_CONTINUE = YES;
				GCC_MODEL_TUNING = G5;
				GCC_OPTIMIZATION_LEVEL = 0;
				GCC_PRECOMPILE_PREFIX_HEADER = YES;
				GCC_PREFIX_HEADER = KingPIN_Prefix.pch;
				INFOPLIST_FILE = "KingPIN-Info.plist";
				INSTALL_PATH = "$(HOME)/Applications";
				PRODUCT_NAME = KingPIN;
			};
			name = Debug;
		};
		C01FCF4C08A954540054247B /* Release */ = {
			isa = XCBuildConfiguration;
			buildSettings = {
				ALWAYS_SEARCH_USER_PATHS = NO;
				DEBUG_INFORMATION_FORMAT = "dwarf-with-dsym";
				GCC_MODEL_TUNING = G5;
				GCC_PRECOMPILE_PREFIX_HEADER = YES;
				GCC_PREFIX_HEADER = KingPIN_Prefix.pch;
				INFOPLIST_FILE = "KingPIN-Info.plist";
				INSTALL_PATH = "$(HOME)/Applications";
				PRODUCT_NAME = KingPIN;
			};
			name = Release;
		};
		C01FCF4F08A954540054247B /* Debug */ = {
			isa = XCBuildConfiguration;
			buildSettings = {
				ARCHS = "$(ARCHS_STANDARD_32_64_BIT)";
				GCC_C_LANGUAGE_STANDARD = gnu99;
				GCC_OPTIMIZATION_LEVEL = 0;
				GCC_WARN_ABOUT_RETURN_TYPE = YES;
				GCC_WARN_UNUSED_VARIABLE = YES;
				ONLY_ACTIVE_ARCH = YES;
				PREBINDING = NO;
				SDKROOT = macosx10.6;
			};
			name = Debug;
		};
		C01FCF5008A954540054247B /* Release */ = {
			isa = XCBuildConfiguration;
			buildSettings = {
				ARCHS = "$(ARCHS_STANDARD_32_64_BIT)";
				GCC_C_LANGUAGE_STANDARD = gnu99;
				GCC_WARN_ABOUT_RETURN_TYPE = YES;
				GCC_WARN_UNUSED_VARIABLE = YES;
				PREBINDING = NO;
				SDKROOT = macosx10.6;
			};
			name = Release;
		};
/* End XCBuildConfiguration section */

/* Begin XCConfigurationList section */
		C01FCF4A08A954540054247B /* Build configuration list for PBXNativeTarget "KingPIN" */ = {
			isa = XCConfigurationList;
			buildConfigurations = (
				C01FCF4B08A954540054247B /* Debug */,
				C01FCF4C08A954540054247B /* Release */,
			);
			defaultConfigurationIsVisible = 0;
			defaultConfigurationName = Release;
		};
		C01FCF4E08A954540054247B /* Build configuration list for PBXProject "KingPIN" */ = {
			isa = XCConfigurationList;
			buildConfigurations = (
				C01FCF4F08A954540054247B /* Debug */,
				C01FCF5008A954540054247B /* Release */,
			);
			defaultConfigurationIsVisible = 0;
			defaultConfigurationName = Release;
		};
/* End XCConfigurationList section */
	};
	rootObject = 29B97313FDCFA39411CA2CEA /* Project object */;
}
